
Microsoft Visual Studio Solution File, Format Version 12.00
# Visual Studio 15
VisualStudioVersion = 15.0.27428.1
MinimumVisualStudioVersion = 10.0.40219.1
Project("{8BC9CEB8-8B4A-11D0-8D11-00A0C91BC942}") = "MN Proj3", "MN Proj3\MN Proj3.vcxproj", "{7D4E4D11-985F-4F2B-A666-159B96FD4B45}"
EndProject
Global
	GlobalSection(SolutionConfigurationPlatforms) = preSolution
		Debug|x64 = Debug|x64
		Debug|x86 = Debug|x86
		Release|x64 = Release|x64
		Release|x86 = Release|x86
	EndGlobalSection
	GlobalSection(ProjectConfigurationPlatforms) = postSolution
		{7D4E4D11-985F-4F2B-A666-159B96FD4B45}.Debug|x64.ActiveCfg = Debug|x64
		{7D4E4D11-985F-4F2B-A666-159B96FD4B45}.Debug|x64.Build.0 = Debug|x64
		{7D4E4D11-985F-4F2B-A666-159B96FD4B45}.Debug|x86.ActiveCfg = Debug|Win32
		{7D4E4D11-985F-4F2B-A666-159B96FD4B45}.Debug|x86.Build.0 = Debug|Win32
		{7D4E4D11-985F-4F2B-A666-159B96FD4B45}.Release|x64.ActiveCfg = Release|x64
		{7D4E4D11-985F-4F2B-A666-159B96FD4B45}.Release|x64.Build.0 = Release|x64
		{7D4E4D11-985F-4F2B-A666-159B96FD4B45}.Release|x86.ActiveCfg = Release|Win32
		{7D4E4D11-985F-4F2B-A666-159B96FD4B45}.Release|x86.Build.0 = Release|Win32
	EndGlobalSection
	GlobalSection(SolutionProperties) = preSolution
		HideSolutionNode = FALSE
	EndGlobalSection
	GlobalSection(ExtensibilityGlobals) = postSolution
		SolutionGuid = {AB18FB9B-8BB1-47E7-8D1D-3CFD6E45761E}
	EndGlobalSection
EndGlobal
